# This file is generated by running "yarn install" inside your project.
# Manual changes might be lost - proceed with caution!

__metadata:
  version: 8
  cacheKey: 10c0

"@cfworker/json-schema@npm:^4.0.2":
  version: 4.1.1
  resolution: "@cfworker/json-schema@npm:4.1.1"
  checksum: 10c0/b5253486d346b7de6feec9c73954f612b11019dacb9023d710a5666df2f5fc145dd88b6b913c88726c6d97e2e258a515fa2cab177f58b18da6bac3738cbc4739
  languageName: node
  linkType: hard

"@cspotcode/source-map-support@npm:^0.8.0":
  version: 0.8.1
  resolution: "@cspotcode/source-map-support@npm:0.8.1"
  dependencies:
    "@jridgewell/trace-mapping": "npm:0.3.9"
  checksum: 10c0/05c5368c13b662ee4c122c7bfbe5dc0b613416672a829f3e78bc49a357a197e0218d6e74e7c66cfcd04e15a179acab080bd3c69658c9fbefd0e1ccd950a07fc6
  languageName: node
  linkType: hard

"@jridgewell/resolve-uri@npm:^3.0.3":
  version: 3.1.2
  resolution: "@jridgewell/resolve-uri@npm:3.1.2"
  checksum: 10c0/d502e6fb516b35032331406d4e962c21fe77cdf1cbdb49c6142bcbd9e30507094b18972778a6e27cbad756209cfe34b1a27729e6fa08a2eb92b33943f680cf1e
  languageName: node
  linkType: hard

"@jridgewell/sourcemap-codec@npm:^1.4.10":
  version: 1.5.5
  resolution: "@jridgewell/sourcemap-codec@npm:1.5.5"
  checksum: 10c0/f9e538f302b63c0ebc06eecb1dd9918dd4289ed36147a0ddce35d6ea4d7ebbda243cda7b2213b6a5e1d8087a298d5cf630fb2bd39329cdecb82017023f6081a0
  languageName: node
  linkType: hard

"@jridgewell/trace-mapping@npm:0.3.9":
  version: 0.3.9
  resolution: "@jridgewell/trace-mapping@npm:0.3.9"
  dependencies:
    "@jridgewell/resolve-uri": "npm:^3.0.3"
    "@jridgewell/sourcemap-codec": "npm:^1.4.10"
  checksum: 10c0/fa425b606d7c7ee5bfa6a31a7b050dd5814b4082f318e0e4190f991902181b4330f43f4805db1dd4f2433fd0ed9cc7a7b9c2683f1deeab1df1b0a98b1e24055b
  languageName: node
  linkType: hard

"@langchain/core@npm:^1.1.27":
  version: 1.1.27
  resolution: "@langchain/core@npm:1.1.27"
  dependencies:
    "@cfworker/json-schema": "npm:^4.0.2"
    ansi-styles: "npm:^5.0.0"
    camelcase: "npm:6"
    decamelize: "npm:1.2.0"
    js-tiktoken: "npm:^1.0.12"
    langsmith: "npm:>=0.5.0 <1.0.0"
    mustache: "npm:^4.2.0"
    p-queue: "npm:^6.6.2"
    uuid: "npm:^10.0.0"
    zod: "npm:^3.25.76 || ^4"
  checksum: 10c0/1ab6543721e6f400d33350c9bddd23a8fb3e0c92cdb48597174adb8d046b7759121ab27353a33237790e217bccc498d475d9b46cdfec876f1aefb084e337ede1
  languageName: node
  linkType: hard

"@langchain/langgraph-checkpoint@npm:^1.0.0":
  version: 1.0.0
  resolution: "@langchain/langgraph-checkpoint@npm:1.0.0"
  dependencies:
    uuid: "npm:^10.0.0"
  peerDependencies:
    "@langchain/core": ^1.0.1
  checksum: 10c0/180e37751d8c0ee706ad377d393bb32b3c00e9ddfbbf27fc30ee3d838363db181fbbbc75147c287abafcbf1e7aed6bc3f57f9a6dfe4c585c1aebd05e0961e069
  languageName: node
  linkType: hard

"@langchain/langgraph-sdk@npm:~2.0.0":
  version: 2.0.0
  resolution: "@langchain/langgraph-sdk@npm:2.0.0"
  dependencies:
    "@types/json-schema": "npm:^7.0.15"
    p-queue: "npm:^9.0.1"
    p-retry: "npm:^7.1.1"
    uuid: "npm:^13.0.0"
  peerDependencies:
    "@langchain/core": ^1.1.16
    react: ^18 || ^19
    react-dom: ^18 || ^19
  peerDependenciesMeta:
    "@langchain/core":
      optional: true
    react:
      optional: true
    react-dom:
      optional: true
  checksum: 10c0/d58ffb22ce96cd3a1a631df49e177f78456344826743aefec229301612c21bd212899f98c2f22b936af121798dd3de1613164a68e6c6b37273630000e68f38e9
  languageName: node
  linkType: hard

"@langchain/langgraph@npm:^1.1.2, @langchain/langgraph@npm:^1.1.5":
  version: 1.1.5
  resolution: "@langchain/langgraph@npm:1.1.5"
  dependencies:
    "@langchain/langgraph-checkpoint": "npm:^1.0.0"
    "@langchain/langgraph-sdk": "npm:~2.0.0"
    "@standard-schema/spec": "npm:1.1.0"
    uuid: "npm:^10.0.0"
  peerDependencies:
    "@langchain/core": ^1.1.16
    zod: ^3.25.32 || ^4.2.0
    zod-to-json-schema: ^3.x
  peerDependenciesMeta:
    zod-to-json-schema:
      optional: true
  checksum: 10c0/edd69e0eba5acbc6778549a53ae040efb168dc650ce308e2158d0eedeb89c6630b065a8c447ca2b3f8602c56d5e0dbeecf0d18304f718cebdf413bc1a8f98d11
  languageName: node
  linkType: hard

"@langchain/openai@npm:^1.2.9":
  version: 1.2.9
  resolution: "@langchain/openai@npm:1.2.9"
  dependencies:
    js-tiktoken: "npm:^1.0.12"
    openai: "npm:^6.18.0"
    zod: "npm:^3.25.76 || ^4"
  peerDependencies:
    "@langchain/core": ^1.1.27
  checksum: 10c0/31d3c282653fac1137549d60b2a9763a7343c243ae7d7ee64d16d964e0310fc9b3edfe75d9717bca0a3d4feb468cac156d971f45d23a12c5fa3d60f4d519641f
  languageName: node
  linkType: hard

"@standard-schema/spec@npm:1.1.0":
  version: 1.1.0
  resolution: "@standard-schema/spec@npm:1.1.0"
  checksum: 10c0/d90f55acde4b2deb983529c87e8025fa693de1a5e8b49ecc6eb84d1fd96328add0e03d7d551442156c7432fd78165b2c26ff561b970a9a881f046abb78d6a526
  languageName: node
  linkType: hard

"@tsconfig/node10@npm:^1.0.7":
  version: 1.0.12
  resolution: "@tsconfig/node10@npm:1.0.12"
  checksum: 10c0/7bbbd7408cfaced86387a9b1b71cebc91c6fd701a120369735734da8eab1a4773fc079abd9f40c9e0b049e12586c8ac0e13f0da596bfd455b9b4c3faa813ebc5
  languageName: node
  linkType: hard

"@tsconfig/node12@npm:^1.0.7":
  version: 1.0.11
  resolution: "@tsconfig/node12@npm:1.0.11"
  checksum: 10c0/dddca2b553e2bee1308a056705103fc8304e42bb2d2cbd797b84403a223b25c78f2c683ec3e24a095e82cd435387c877239bffcb15a590ba817cd3f6b9a99fd9
  languageName: node
  linkType: hard

"@tsconfig/node14@npm:^1.0.0":
  version: 1.0.3
  resolution: "@tsconfig/node14@npm:1.0.3"
  checksum: 10c0/67c1316d065fdaa32525bc9449ff82c197c4c19092b9663b23213c8cbbf8d88b6ed6a17898e0cbc2711950fbfaf40388938c1c748a2ee89f7234fc9e7fe2bf44
  languageName: node
  linkType: hard

"@tsconfig/node16@npm:^1.0.2":
  version: 1.0.4
  resolution: "@tsconfig/node16@npm:1.0.4"
  checksum: 10c0/05f8f2734e266fb1839eb1d57290df1664fe2aa3b0fdd685a9035806daa635f7519bf6d5d9b33f6e69dd545b8c46bd6e2b5c79acb2b1f146e885f7f11a42a5bb
  languageName: node
  linkType: hard

"@types/json-schema@npm:^7.0.15":
  version: 7.0.15
  resolution: "@types/json-schema@npm:7.0.15"
  checksum: 10c0/a996a745e6c5d60292f36731dd41341339d4eeed8180bb09226e5c8d23759067692b1d88e5d91d72ee83dfc00d3aca8e7bd43ea120516c17922cbcb7c3e252db
  languageName: node
  linkType: hard

"@types/node@npm:^20.11.0":
  version: 20.19.33
  resolution: "@types/node@npm:20.19.33"
  dependencies:
    undici-types: "npm:~6.21.0"
  checksum: 10c0/a1a6234a2b6fa577fbb1ccc471e5e54a79c6e1a51be10a67b034461b752a50017854810e943494f20b3c3c6d14df84c93757e0a2ec57aa81c830d6faeab72cf2
  languageName: node
  linkType: hard

"@types/uuid@npm:^10.0.0":
  version: 10.0.0
  resolution: "@types/uuid@npm:10.0.0"
  checksum: 10c0/9a1404bf287164481cb9b97f6bb638f78f955be57c40c6513b7655160beb29df6f84c915aaf4089a1559c216557dc4d2f79b48d978742d3ae10b937420ddac60
  languageName: node
  linkType: hard

"acorn-walk@npm:^8.1.1":
  version: 8.3.5
  resolution: "acorn-walk@npm:8.3.5"
  dependencies:
    acorn: "npm:^8.11.0"
  checksum: 10c0/e31bf5b5423ed1349437029d66d708b9fbd1b77a644b031501e2c753b028d13b56348210ed901d5b1d0d86eb3381c0a0fc0d0998511a9d546d1194936266a332
  languageName: node
  linkType: hard

"acorn@npm:^8.11.0, acorn@npm:^8.4.1":
  version: 8.16.0
  resolution: "acorn@npm:8.16.0"
  bin:
    acorn: bin/acorn
  checksum: 10c0/c9c52697227661b68d0debaf972222d4f622aa06b185824164e153438afa7b08273432ca43ea792cadb24dada1d46f6f6bb1ef8de9956979288cc1b96bf9914e
  languageName: node
  linkType: hard

"ansi-styles@npm:^5.0.0":
  version: 5.2.0
  resolution: "ansi-styles@npm:5.2.0"
  checksum: 10c0/9c4ca80eb3c2fb7b33841c210d2f20807f40865d27008d7c3f707b7f95cab7d67462a565e2388ac3285b71cb3d9bb2173de8da37c57692a362885ec34d6e27df
  languageName: node
  linkType: hard

"arg@npm:^4.1.0":
  version: 4.1.3
  resolution: "arg@npm:4.1.3"
  checksum: 10c0/070ff801a9d236a6caa647507bdcc7034530604844d64408149a26b9e87c2f97650055c0f049abd1efc024b334635c01f29e0b632b371ac3f26130f4cf65997a
  languageName: node
  linkType: hard

"base64-js@npm:^1.5.1":
  version: 1.5.1
  resolution: "base64-js@npm:1.5.1"
  checksum: 10c0/f23823513b63173a001030fae4f2dabe283b99a9d324ade3ad3d148e218134676f1ee8568c877cd79ec1c53158dcf2d2ba527a97c606618928ba99dd930102bf
  languageName: node
  linkType: hard

"camelcase@npm:6":
  version: 6.3.0
  resolution: "camelcase@npm:6.3.0"
  checksum: 10c0/0d701658219bd3116d12da3eab31acddb3f9440790c0792e0d398f0a520a6a4058018e546862b6fba89d7ae990efaeb97da71e1913e9ebf5a8b5621a3d55c710
  languageName: node
  linkType: hard

"chalk@npm:^5.6.2":
  version: 5.6.2
  resolution: "chalk@npm:5.6.2"
  checksum: 10c0/99a4b0f0e7991796b1e7e3f52dceb9137cae2a9dfc8fc0784a550dc4c558e15ab32ed70b14b21b52beb2679b4892b41a0aa44249bcb996f01e125d58477c6976
  languageName: node
  linkType: hard

"console-table-printer@npm:^2.12.1":
  version: 2.15.0
  resolution: "console-table-printer@npm:2.15.0"
  dependencies:
    simple-wcswidth: "npm:^1.1.2"
  checksum: 10c0/ec63b6c7b7b7d6fe78087e5960743710f6f8e9dc239daf8ce625b305056fc39d891f5d6f7827117e47917f9f97f0e5e4352e9eb397ca5a0b381a05de6d382ea2
  languageName: node
  linkType: hard

"create-require@npm:^1.1.0":
  version: 1.1.1
  resolution: "create-require@npm:1.1.1"
  checksum: 10c0/157cbc59b2430ae9a90034a5f3a1b398b6738bf510f713edc4d4e45e169bc514d3d99dd34d8d01ca7ae7830b5b8b537e46ae8f3c8f932371b0875c0151d7ec91
  languageName: node
  linkType: hard

"decamelize@npm:1.2.0":
  version: 1.2.0
  resolution: "decamelize@npm:1.2.0"
  checksum: 10c0/85c39fe8fbf0482d4a1e224ef0119db5c1897f8503bcef8b826adff7a1b11414972f6fef2d7dec2ee0b4be3863cf64ac1439137ae9e6af23a3d8dcbe26a5b4b2
  languageName: node
  linkType: hard

"diff@npm:^4.0.1":
  version: 4.0.4
  resolution: "diff@npm:4.0.4"
  checksum: 10c0/855fb70b093d1d9643ddc12ea76dca90dc9d9cdd7f82c08ee8b9325c0dc5748faf3c82e2047ced5dcaa8b26e58f7903900be2628d0380a222c02d79d8de385df
  languageName: node
  linkType: hard

"dotenv@npm:^17.3.1":
  version: 17.3.1
  resolution: "dotenv@npm:17.3.1"
  checksum: 10c0/c78e0c2d5a549c751e544cc60e2b95e7cb67e0c551f42e094d161c6b297aa44b630a3c2dcacf5569e529a6c2a6b84e2ab9be8d37b299d425df5a18b81ce4a35f
  languageName: node
  linkType: hard

"eventemitter3@npm:^4.0.4":
  version: 4.0.7
  resolution: "eventemitter3@npm:4.0.7"
  checksum: 10c0/5f6d97cbcbac47be798e6355e3a7639a84ee1f7d9b199a07017f1d2f1e2fe236004d14fa5dfaeba661f94ea57805385e326236a6debbc7145c8877fbc0297c6b
  languageName: node
  linkType: hard

"eventemitter3@npm:^5.0.1":
  version: 5.0.4
  resolution: "eventemitter3@npm:5.0.4"
  checksum: 10c0/575b8cac8d709e1473da46f8f15ef311b57ff7609445a7c71af5cd42598583eee6f098fa7a593e30f27e94b8865642baa0689e8fa97c016f742abdb3b1bf6d9a
  languageName: node
  linkType: hard

"is-network-error@npm:^1.1.0":
  version: 1.3.0
  resolution: "is-network-error@npm:1.3.0"
  checksum: 10c0/3e85a69e957988db66d5af5412efdd531a5a63e150d1bdd5647cfd4dc54fd89b1dbdd472621f8915233c3176ba1e6922afa8a51a9e363ba4693edf96a294f898
  languageName: node
  linkType: hard

"js-tiktoken@npm:^1.0.12":
  version: 1.0.21
  resolution: "js-tiktoken@npm:1.0.21"
  dependencies:
    base64-js: "npm:^1.5.1"
  checksum: 10c0/49a0b1e8915d271b84b5c2217fcab37de3124cfbba7e9901d3d9afb1acdd931f0ff7025ed94587dd1b59ae5c04cc19949c2869823854ee7f2f3f81678db276f3
  languageName: node
  linkType: hard

"langchain@npm:^1.2.26":
  version: 1.2.26
  resolution: "langchain@npm:1.2.26"
  dependencies:
    "@langchain/langgraph": "npm:^1.1.2"
    "@langchain/langgraph-checkpoint": "npm:^1.0.0"
    langsmith: "npm:>=0.5.0 <1.0.0"
    uuid: "npm:^10.0.0"
    zod: "npm:^3.25.76 || ^4"
  peerDependencies:
    "@langchain/core": ^1.1.27
  checksum: 10c0/6ebab516ed53c6ae0e540faeb3f6ac22219d047a9685b1820951fc89cbacf740c6bea3ab4fd3f7cccfc5d8ab58405651918e5a26aeb143487b88162d523c3a1c
  languageName: node
  linkType: hard

"agent-langgraph-typescript@workspace:.":
  version: 0.0.0-use.local
  resolution: "agent-langgraph-typescript@workspace:."
  dependencies:
    "@langchain/core": "npm:^1.1.27"
    "@langchain/langgraph": "npm:^1.1.5"
    "@langchain/openai": "npm:^1.2.9"
    "@types/node": "npm:^20.11.0"
    dotenv: "npm:^17.3.1"
    langchain: "npm:^1.2.26"
    ts-node: "npm:^10.9.2"
    typescript: "npm:^5.3.3"
    zod: "npm:^4.3.6"
  languageName: unknown
  linkType: soft

"langsmith@npm:>=0.5.0 <1.0.0":
  version: 0.5.6
  resolution: "langsmith@npm:0.5.6"
  dependencies:
    "@types/uuid": "npm:^10.0.0"
    chalk: "npm:^5.6.2"
    console-table-printer: "npm:^2.12.1"
    p-queue: "npm:^6.6.2"
    semver: "npm:^7.6.3"
    uuid: "npm:^10.0.0"
  peerDependencies:
    "@opentelemetry/api": "*"
    "@opentelemetry/exporter-trace-otlp-proto": "*"
    "@opentelemetry/sdk-trace-base": "*"
    openai: "*"
  peerDependenciesMeta:
    "@opentelemetry/api":
      optional: true
    "@opentelemetry/exporter-trace-otlp-proto":
      optional: true
    "@opentelemetry/sdk-trace-base":
      optional: true
    openai:
      optional: true
  checksum: 10c0/515d74a1dbb120314599d4eab6c44a2eecdc14bd5d8521f0f38aef8366ec62eefa88a14f6aa121c695f5661292e621de3ad2271473db7196167592733789b22d
  languageName: node
  linkType: hard

"make-error@npm:^1.1.1":
  version: 1.3.6
  resolution: "make-error@npm:1.3.6"
  checksum: 10c0/171e458d86854c6b3fc46610cfacf0b45149ba043782558c6875d9f42f222124384ad0b468c92e996d815a8a2003817a710c0a160e49c1c394626f76fa45396f
  languageName: node
  linkType: hard

"mustache@npm:^4.2.0":
  version: 4.2.0
  resolution: "mustache@npm:4.2.0"
  bin:
    mustache: bin/mustache
  checksum: 10c0/1f8197e8a19e63645a786581d58c41df7853da26702dbc005193e2437c98ca49b255345c173d50c08fe4b4dbb363e53cb655ecc570791f8deb09887248dd34a2
  languageName: node
  linkType: hard

"openai@npm:^6.18.0":
  version: 6.24.0
  resolution: "openai@npm:6.24.0"
  peerDependencies:
    ws: ^8.18.0
    zod: ^3.25 || ^4.0
  peerDependenciesMeta:
    ws:
      optional: true
    zod:
      optional: true
  bin:
    openai: bin/cli
  checksum: 10c0/29e2c20b0a599c9b7d70a3b105d52fe0f0598cc2089af74877ee3e4e402e6de12256bb75cd465e0ca874290539cf32ac6db570c1b446002a706b18220451a103
  languageName: node
  linkType: hard

"p-finally@npm:^1.0.0":
  version: 1.0.0
  resolution: "p-finally@npm:1.0.0"
  checksum: 10c0/6b8552339a71fe7bd424d01d8451eea92d379a711fc62f6b2fe64cad8a472c7259a236c9a22b4733abca0b5666ad503cb497792a0478c5af31ded793d00937e7
  languageName: node
  linkType: hard

"p-queue@npm:^6.6.2":
  version: 6.6.2
  resolution: "p-queue@npm:6.6.2"
  dependencies:
    eventemitter3: "npm:^4.0.4"
    p-timeout: "npm:^3.2.0"
  checksum: 10c0/5739ecf5806bbeadf8e463793d5e3004d08bb3f6177bd1a44a005da8fd81bb90f80e4633e1fb6f1dfd35ee663a5c0229abe26aebb36f547ad5a858347c7b0d3e
  languageName: node
  linkType: hard

"p-queue@npm:^9.0.1":
  version: 9.1.0
  resolution: "p-queue@npm:9.1.0"
  dependencies:
    eventemitter3: "npm:^5.0.1"
    p-timeout: "npm:^7.0.0"
  checksum: 10c0/f6bb4644997c20cbbf68c0c88208283697c6c9b1e1879f2073791b1ffcb2d2eb0a9fe35c9631e0c74bd6562ef159b87b418d48df7e7b30e5ddb4d99055bb5c92
  languageName: node
  linkType: hard

"p-retry@npm:^7.1.1":
  version: 7.1.1
  resolution: "p-retry@npm:7.1.1"
  dependencies:
    is-network-error: "npm:^1.1.0"
  checksum: 10c0/d72fb15dace25b8bf72c97a13c8a630ad1deb4667e708955e8806ee38f1d70e9611598ebe57bd9677349256e024a5599292f99aabb203143e0e13f1735e30818
  languageName: node
  linkType: hard

"p-timeout@npm:^3.2.0":
  version: 3.2.0
  resolution: "p-timeout@npm:3.2.0"
  dependencies:
    p-finally: "npm:^1.0.0"
  checksum: 10c0/524b393711a6ba8e1d48137c5924749f29c93d70b671e6db761afa784726572ca06149c715632da8f70c090073afb2af1c05730303f915604fd38ee207b70a61
  languageName: node
  linkType: hard

"p-timeout@npm:^7.0.0":
  version: 7.0.1
  resolution: "p-timeout@npm:7.0.1"
  checksum: 10c0/87d96529d1096d506607218dba6f9ec077c6dbedd0c2e2788c748e33bcd05faae8a81009fd9d22ec0b3c95fc83f4717306baba223f6e464737d8b99294c3e863
  languageName: node
  linkType: hard

"semver@npm:^7.6.3":
  version: 7.7.4
  resolution: "semver@npm:7.7.4"
  bin:
    semver: bin/semver.js
  checksum: 10c0/5215ad0234e2845d4ea5bb9d836d42b03499546ddafb12075566899fc617f68794bb6f146076b6881d755de17d6c6cc73372555879ec7dce2c2feee947866ad2
  languageName: node
  linkType: hard

"simple-wcswidth@npm:^1.1.2":
  version: 1.1.2
  resolution: "simple-wcswidth@npm:1.1.2"
  checksum: 10c0/0db23ffef39d81a018a2354d64db1d08a44123c54263e48173992c61d808aaa8b58e5651d424e8c275589671f35e9094ac6fa2bbf2c98771b1bae9e007e611dd
  languageName: node
  linkType: hard

"ts-node@npm:^10.9.2":
  version: 10.9.2
  resolution: "ts-node@npm:10.9.2"
  dependencies:
    "@cspotcode/source-map-support": "npm:^0.8.0"
    "@tsconfig/node10": "npm:^1.0.7"
    "@tsconfig/node12": "npm:^1.0.7"
    "@tsconfig/node14": "npm:^1.0.0"
    "@tsconfig/node16": "npm:^1.0.2"
    acorn: "npm:^8.4.1"
    acorn-walk: "npm:^8.1.1"
    arg: "npm:^4.1.0"
    create-require: "npm:^1.1.0"
    diff: "npm:^4.0.1"
    make-error: "npm:^1.1.1"
    v8-compile-cache-lib: "npm:^3.0.1"
    yn: "npm:3.1.1"
  peerDependencies:
    "@swc/core": ">=1.2.50"
    "@swc/wasm": ">=1.2.50"
    "@types/node": "*"
    typescript: ">=2.7"
  peerDependenciesMeta:
    "@swc/core":
      optional: true
    "@swc/wasm":
      optional: true
  bin:
    ts-node: dist/bin.js
    ts-node-cwd: dist/bin-cwd.js
    ts-node-esm: dist/bin-esm.js
    ts-node-script: dist/bin-script.js
    ts-node-transpile-only: dist/bin-transpile.js
    ts-script: dist/bin-script-deprecated.js
  checksum: 10c0/5f29938489f96982a25ba650b64218e83a3357d76f7bede80195c65ab44ad279c8357264639b7abdd5d7e75fc269a83daa0e9c62fd8637a3def67254ecc9ddc2
  languageName: node
  linkType: hard

"typescript@npm:^5.3.3":
  version: 5.9.3
  resolution: "typescript@npm:5.9.3"
  bin:
    tsc: bin/tsc
    tsserver: bin/tsserver
  checksum: 10c0/6bd7552ce39f97e711db5aa048f6f9995b53f1c52f7d8667c1abdc1700c68a76a308f579cd309ce6b53646deb4e9a1be7c813a93baaf0a28ccd536a30270e1c5
  languageName: node
  linkType: hard

"typescript@patch:typescript@npm%3A^5.3.3#optional!builtin<compat/typescript>":
  version: 5.9.3
  resolution: "typescript@patch:typescript@npm%3A5.9.3#optional!builtin<compat/typescript>::version=5.9.3&hash=5786d5"
  bin:
    tsc: bin/tsc
    tsserver: bin/tsserver
  checksum: 10c0/ad09fdf7a756814dce65bc60c1657b40d44451346858eea230e10f2e95a289d9183b6e32e5c11e95acc0ccc214b4f36289dcad4bf1886b0adb84d711d336a430
  languageName: node
  linkType: hard

"undici-types@npm:~6.21.0":
  version: 6.21.0
  resolution: "undici-types@npm:6.21.0"
  checksum: 10c0/c01ed51829b10aa72fc3ce64b747f8e74ae9b60eafa19a7b46ef624403508a54c526ffab06a14a26b3120d055e1104d7abe7c9017e83ced038ea5cf52f8d5e04
  languageName: node
  linkType: hard

"uuid@npm:^10.0.0":
  version: 10.0.0
  resolution: "uuid@npm:10.0.0"
  bin:
    uuid: dist/bin/uuid
  checksum: 10c0/eab18c27fe4ab9fb9709a5d5f40119b45f2ec8314f8d4cf12ce27e4c6f4ffa4a6321dc7db6c515068fa373c075b49691ba969f0010bf37f44c37ca40cd6bf7fe
  languageName: node
  linkType: hard

"uuid@npm:^13.0.0":
  version: 13.0.0
  resolution: "uuid@npm:13.0.0"
  bin:
    uuid: dist-node/bin/uuid
  checksum: 10c0/950e4c18d57fef6c69675344f5700a08af21e26b9eff2bf2180427564297368c538ea11ac9fb2e6528b17fc3966a9fd2c5049361b0b63c7d654f3c550c9b3d67
  languageName: node
  linkType: hard

"v8-compile-cache-lib@npm:^3.0.1":
  version: 3.0.1
  resolution: "v8-compile-cache-lib@npm:3.0.1"
  checksum: 10c0/bdc36fb8095d3b41df197f5fb6f11e3a26adf4059df3213e3baa93810d8f0cc76f9a74aaefc18b73e91fe7e19154ed6f134eda6fded2e0f1c8d2272ed2d2d391
  languageName: node
  linkType: hard

"yn@npm:3.1.1":
  version: 3.1.1
  resolution: "yn@npm:3.1.1"
  checksum: 10c0/0732468dd7622ed8a274f640f191f3eaf1f39d5349a1b72836df484998d7d9807fbea094e2f5486d6b0cd2414aad5775972df0e68f8604db89a239f0f4bf7443
  languageName: node
  linkType: hard

"zod@npm:^3.25.76 || ^4, zod@npm:^4.3.6":
  version: 4.3.6
  resolution: "zod@npm:4.3.6"
  checksum: 10c0/860d25a81ab41d33aa25f8d0d07b091a04acb426e605f396227a796e9e800c44723ed96d0f53a512b57be3d1520f45bf69c0cb3b378a232a00787a2609625307
  languageName: node
  linkType: hard
